
Microsoft Visual Studio Solution File, Format Version 12.00
# Visual Studio 15
VisualStudioVersion = 15.0.27428.2037
MinimumVisualStudioVersion = 10.0.40219.1
Project("{FAE04EC0-301F-11D3-BF4B-00C04F79EFBC}") = "WebApplication3", "WebApplication3\WebApplication3.csproj", "{DEC05762-8A9D-4C72-B899-3D2D6148F7E8}"
EndProject
Global
	GlobalSection(SolutionConfigurationPlatforms) = preSolution
		Debug|Any CPU = Debug|Any CPU
		Release|Any CPU = Release|Any CPU
	EndGlobalSection
	GlobalSection(ProjectConfigurationPlatforms) = postSolution
		{DEC05762-8A9D-4C72-B899-3D2D6148F7E8}.Debug|Any CPU.ActiveCfg = Debug|Any CPU
		{DEC05762-8A9D-4C72-B899-3D2D6148F7E8}.Debug|Any CPU.Build.0 = Debug|Any CPU
		{DEC05762-8A9D-4C72-B899-3D2D6148F7E8}.Release|Any CPU.ActiveCfg = Release|Any CPU
		{DEC05762-8A9D-4C72-B899-3D2D6148F7E8}.Release|Any CPU.Build.0 = Release|Any CPU
	EndGlobalSection
	GlobalSection(SolutionProperties) = preSolution
		HideSolutionNode = FALSE
	EndGlobalSection
	GlobalSection(ExtensibilityGlobals) = postSolution
		SolutionGuid = {8B171A41-1A88-4F60-8D4B-3F099FCA8536}
	EndGlobalSection
EndGlobal
